
Microsoft Visual Studio Solution File, Format Version 12.00
# Visual Studio Version 16
VisualStudioVersion = 16.0.30717.126
MinimumVisualStudioVersion = 10.0.40219.1
Project("{FAE04EC0-301F-11D3-BF4B-00C04F79EFBC}") = "Webscraper", "Webscraper.csproj", "{4FF399D1-316B-4F69-AE40-31A56BD942B0}"
EndProject
Global
	GlobalSection(SolutionConfigurationPlatforms) = preSolution
		Debug|Any CPU = Debug|Any CPU
		Release|Any CPU = Release|Any CPU
	EndGlobalSection
	GlobalSection(ProjectConfigurationPlatforms) = postSolution
		{4FF399D1-316B-4F69-AE40-31A56BD942B0}.Debug|Any CPU.ActiveCfg = Debug|Any CPU
		{4FF399D1-316B-4F69-AE40-31A56BD942B0}.Debug|Any CPU.Build.0 = Debug|Any CPU
		{4FF399D1-316B-4F69-AE40-31A56BD942B0}.Release|Any CPU.ActiveCfg = Release|Any CPU
		{4FF399D1-316B-4F69-AE40-31A56BD942B0}.Release|Any CPU.Build.0 = Release|Any CPU
	EndGlobalSection
	GlobalSection(SolutionProperties) = preSolution
		HideSolutionNode = FALSE
	EndGlobalSection
	GlobalSection(ExtensibilityGlobals) = postSolution
		SolutionGuid = {F94BD92C-88A1-4D11-A2BB-8AD2F918BFC8}
	EndGlobalSection
EndGlobal
